
Microsoft Visual Studio Solution File, Format Version 12.00
# Visual Studio Version 17
VisualStudioVersion = 17.7.34031.279
MinimumVisualStudioVersion = 10.0.40219.1
Project("{FAE04EC0-301F-11D3-BF4B-00C04F79EFBC}") = "pryBlaiottaEtapa1", "pryBlaiottaEtapa1.csproj", "{93A3ED50-50E3-4078-AD21-E2B4C68BB38B}"
EndProject
Global
	GlobalSection(SolutionConfigurationPlatforms) = preSolution
		Debug|Any CPU = Debug|Any CPU
		Release|Any CPU = Release|Any CPU
	EndGlobalSection
	GlobalSection(ProjectConfigurationPlatforms) = postSolution
		{93A3ED50-50E3-4078-AD21-E2B4C68BB38B}.Debug|Any CPU.ActiveCfg = Debug|Any CPU
		{93A3ED50-50E3-4078-AD21-E2B4C68BB38B}.Debug|Any CPU.Build.0 = Debug|Any CPU
		{93A3ED50-50E3-4078-AD21-E2B4C68BB38B}.Release|Any CPU.ActiveCfg = Release|Any CPU
		{93A3ED50-50E3-4078-AD21-E2B4C68BB38B}.Release|Any CPU.Build.0 = Release|Any CPU
	EndGlobalSection
	GlobalSection(SolutionProperties) = preSolution
		HideSolutionNode = FALSE
	EndGlobalSection
	GlobalSection(ExtensibilityGlobals) = postSolution
		SolutionGuid = {8A3952CC-1AF7-4DE0-8CD5-A4A2614CCD07}
	EndGlobalSection
EndGlobal
